
Microsoft Visual Studio Solution File, Format Version 12.00
# Visual Studio Version 17
VisualStudioVersion = 17.4.33213.308
MinimumVisualStudioVersion = 10.0.40219.1
Project("{9A19103F-16F7-4668-BE54-9A1E7A4F7556}") = "Modact", "Modact\Modact.csproj", "{CA5815A1-5045-4095-979D-402DD3D50838}"
EndProject
Project("{9A19103F-16F7-4668-BE54-9A1E7A4F7556}") = "Modact.API", "Modact.API\Modact.API.csproj", "{8603627A-9777-4A43-AD5F-7B570663493D}"
EndProject
Global
	GlobalSection(SolutionConfigurationPlatforms) = preSolution
		Debug|Any CPU = Debug|Any CPU
		Release|Any CPU = Release|Any CPU
	EndGlobalSection
	GlobalSection(ProjectConfigurationPlatforms) = postSolution
		{CA5815A1-5045-4095-979D-402DD3D50838}.Debug|Any CPU.ActiveCfg = Debug|Any CPU
		{CA5815A1-5045-4095-979D-402DD3D50838}.Debug|Any CPU.Build.0 = Debug|Any CPU
		{CA5815A1-5045-4095-979D-402DD3D50838}.Release|Any CPU.ActiveCfg = Release|Any CPU
		{CA5815A1-5045-4095-979D-402DD3D50838}.Release|Any CPU.Build.0 = Release|Any CPU
		{8603627A-9777-4A43-AD5F-7B570663493D}.Debug|Any CPU.ActiveCfg = Debug|Any CPU
		{8603627A-9777-4A43-AD5F-7B570663493D}.Debug|Any CPU.Build.0 = Debug|Any CPU
		{8603627A-9777-4A43-AD5F-7B570663493D}.Release|Any CPU.ActiveCfg = Release|Any CPU
		{8603627A-9777-4A43-AD5F-7B570663493D}.Release|Any CPU.Build.0 = Release|Any CPU
	EndGlobalSection
	GlobalSection(SolutionProperties) = preSolution
		HideSolutionNode = FALSE
	EndGlobalSection
	GlobalSection(ExtensibilityGlobals) = postSolution
		SolutionGuid = {CEE9FCC8-B352-42C4-B92F-B8BFBABCC6B9}
	EndGlobalSection
EndGlobal
